
Microsoft Visual Studio Solution File, Format Version 12.00
# Visual Studio Version 17
VisualStudioVersion = 17.9.34902.65
MinimumVisualStudioVersion = 10.0.40219.1
Project("{FAE04EC0-301F-11D3-BF4B-00C04F79EFBC}") = "beith-hashem", "beith-hashem\beith-hashem.csproj", "{F3257987-9AB7-4C7A-A32E-C6343D82F6A6}"
EndProject
Global
	GlobalSection(SolutionConfigurationPlatforms) = preSolution
		Debug|Any CPU = Debug|Any CPU
		Release|Any CPU = Release|Any CPU
	EndGlobalSection
	GlobalSection(ProjectConfigurationPlatforms) = postSolution
		{F3257987-9AB7-4C7A-A32E-C6343D82F6A6}.Debug|Any CPU.ActiveCfg = Debug|Any CPU
		{F3257987-9AB7-4C7A-A32E-C6343D82F6A6}.Debug|Any CPU.Build.0 = Debug|Any CPU
		{F3257987-9AB7-4C7A-A32E-C6343D82F6A6}.Release|Any CPU.ActiveCfg = Release|Any CPU
		{F3257987-9AB7-4C7A-A32E-C6343D82F6A6}.Release|Any CPU.Build.0 = Release|Any CPU
	EndGlobalSection
	GlobalSection(SolutionProperties) = preSolution
		HideSolutionNode = FALSE
	EndGlobalSection
	GlobalSection(ExtensibilityGlobals) = postSolution
		SolutionGuid = {E67C0E22-E0F8-44A1-A7DA-D79203BCA664}
	EndGlobalSection
EndGlobal
